{
  "name": "@aws-cdk/app-delivery",
  "version": "1.10.0",
  "lockfileVersion": 1,
  "requires": true,
  "dependencies": {
    "@aws-cdk/assert": {
      "version": "1.194.0",
      "resolved": "https://registry.npmjs.org/@aws-cdk/assert/-/assert-1.194.0.tgz",
      "integrity": "sha512-xYBnmmNYE+JWwZxi4GgVI6GCVWOg8lcZv1819nUaBKop3RoW3DLEpgnsTpxjyksySw/8aVj0kgTZygpCWne3SQ==",
      "dev": true,
      "requires": {
        "@aws-cdk/cloudformation-diff": "1.194.0",
        "@aws-cdk/core": "1.194.0",
        "@aws-cdk/cx-api": "1.194.0",
        "constructs": "^3.3.69"
      }
    },
    "@aws-cdk/assets": {
      "version": "1.194.0",
      "resolved": "https://registry.npmjs.org/@aws-cdk/assets/-/assets-1.194.0.tgz",
      "integrity": "sha512-yVobTKxDof7ykum69lVchxQBIkbLoXQsYvOAwGFNtByo8elmesQ6JYQ09I4Xx85I1CAV8fw4cA+74HmB/mnkEw==",
      "requires": {
        "@aws-cdk/core": "1.194.0",
        "@aws-cdk/cx-api": "1.194.0",
        "constructs": "^3.3.69"
      }
    },
    "@aws-cdk/aws-acmpca": {
      "version": "1.194.0",
      "resolved": "https://registry.npmjs.org/@aws-cdk/aws-acmpca/-/aws-acmpca-1.194.0.tgz",
      "integrity": "sha512-Tp09dx+jLBzziR7sVwFFZlqE3hRwopBcHk2KRVOJ/SY3wmrvr3fdJcTNBM5CvBY7F8tQ/UVTSeg8IpMxCVEqVA==",
      "requires": {
        "@aws-cdk/core": "1.194.0",
        "constructs": "^3.3.69"
      }
    },
    "@aws-cdk/aws-apigateway": {
      "version": "1.194.0",
      "resolved": "https://registry.npmjs.org/@aws-cdk/aws-apigateway/-/aws-apigateway-1.194.0.tgz",
      "integrity": "sha512-6XykvMTMoh4HbMlZBJf8yRvcpVBSWY4lJ2/6aSv6z+HDh/mTnygXUWPRrn4tFz584dUvW5WoEXuE+tp7CDO8IQ==",
      "requires": {
        "@aws-cdk/aws-certificatemanager": "1.194.0",
        "@aws-cdk/aws-cloudwatch": "1.194.0",
        "@aws-cdk/aws-cognito": "1.194.0",
        "@aws-cdk/aws-ec2": "1.194.0",
        "@aws-cdk/aws-elasticloadbalancingv2": "1.194.0",
        "@aws-cdk/aws-iam": "1.194.0",
        "@aws-cdk/aws-lambda": "1.194.0",
        "@aws-cdk/aws-logs": "1.194.0",
        "@aws-cdk/aws-s3": "1.194.0",
        "@aws-cdk/aws-s3-assets": "1.194.0",
        "@aws-cdk/aws-stepfunctions": "1.194.0",
        "@aws-cdk/core": "1.194.0",
        "@aws-cdk/cx-api": "1.194.0",
        "constructs": "^3.3.69"
      }
    },
    "@aws-cdk/aws-applicationautoscaling": {
      "version": "1.194.0",
      "resolved": "https://registry.npmjs.org/@aws-cdk/aws-applicationautoscaling/-/aws-applicationautoscaling-1.194.0.tgz",
      "integrity": "sha512-23XpLeNTEg6PNAlpAWK4lMAATZZZxUduXkcAPyVD/zTBhoS7MpTKHzkoohYIT+3qmzUkbmYjG0gyCC370MCEig==",
      "requires": {
        "@aws-cdk/aws-autoscaling-common": "1.194.0",
        "@aws-cdk/aws-cloudwatch": "1.194.0",
        "@aws-cdk/aws-iam": "1.194.0",
        "@aws-cdk/core": "1.194.0",
        "constructs": "^3.3.69"
      }
    },
    "@aws-cdk/aws-autoscaling": {
      "version": "1.194.0",
      "resolved": "https://registry.npmjs.org/@aws-cdk/aws-autoscaling/-/aws-autoscaling-1.194.0.tgz",
      "integrity": "sha512-dGlYqkt7gnl0tiKma21WrFvn+1a9YQI6/maS1P9Ff4cbpvN7u1BmHZwcVrjBVxN8D/6aSEBSUQ2+mIdJujNNKQ==",
      "requires": {
        "@aws-cdk/aws-autoscaling-common": "1.194.0",
        "@aws-cdk/aws-cloudwatch": "1.194.0",
        "@aws-cdk/aws-ec2": "1.194.0",
        "@aws-cdk/aws-elasticloadbalancing": "1.194.0",
        "@aws-cdk/aws-elasticloadbalancingv2": "1.194.0",
        "@aws-cdk/aws-iam": "1.194.0",
        "@aws-cdk/aws-sns": "1.194.0",
        "@aws-cdk/core": "1.194.0",
        "constructs": "^3.3.69"
      }
    },
    "@aws-cdk/aws-autoscaling-common": {
      "version": "1.194.0",
      "resolved": "https://registry.npmjs.org/@aws-cdk/aws-autoscaling-common/-/aws-autoscaling-common-1.194.0.tgz",
      "integrity": "sha512-MgQ5PmvBxrKhRlFglXIV4Zaoyr2AKEQTNfQmCXIihcH5+N32qVurlZokJPStSWlu1MpAOoV3bQ9UEyUXFBTbbg==",
      "requires": {
        "@aws-cdk/aws-iam": "1.194.0",
        "@aws-cdk/core": "1.194.0",
        "constructs": "^3.3.69"
      }
    },
    "@aws-cdk/aws-autoscaling-hooktargets": {
      "version": "1.194.0",
      "resolved": "https://registry.npmjs.org/@aws-cdk/aws-autoscaling-hooktargets/-/aws-autoscaling-hooktargets-1.194.0.tgz",
      "integrity": "sha512-KUBwjdH5Ci9Jv38b9FY4bDmyVlqHye7V+Sf7tKvMpUD3nHaMAYgR5DzoM+qJHzn/PGsKYpGa+lAX1XIhxEQLjg==",
      "requires": {
        "@aws-cdk/aws-autoscaling": "1.194.0",
        "@aws-cdk/aws-iam": "1.194.0",
        "@aws-cdk/aws-kms": "1.194.0",
        "@aws-cdk/aws-lambda": "1.194.0",
        "@aws-cdk/aws-sns": "1.194.0",
        "@aws-cdk/aws-sns-subscriptions": "1.194.0",
        "@aws-cdk/aws-sqs": "1.194.0",
        "@aws-cdk/core": "1.194.0",
        "constructs": "^3.3.69"
      }
    },
    "@aws-cdk/aws-certificatemanager": {
      "version": "1.194.0",
      "resolved": "https://registry.npmjs.org/@aws-cdk/aws-certificatemanager/-/aws-certificatemanager-1.194.0.tgz",
      "integrity": "sha512-g24d2jgXfAD4IDe+fs14gki5OIyUOmcCBnnOijj8TQyshQhz7iVvuULFsmB87sMIP89fJ6NXh8nGCmzr5/up4w==",
      "requires": {
        "@aws-cdk/aws-acmpca": "1.194.0",
        "@aws-cdk/aws-cloudwatch": "1.194.0",
        "@aws-cdk/aws-iam": "1.194.0",
        "@aws-cdk/aws-lambda": "1.194.0",
        "@aws-cdk/aws-route53": "1.194.0",
        "@aws-cdk/core": "1.194.0",
        "constructs": "^3.3.69"
      }
    },
    "@aws-cdk/aws-cloudformation": {
      "version": "1.194.0",
      "resolved": "https://registry.npmjs.org/@aws-cdk/aws-cloudformation/-/aws-cloudformation-1.194.0.tgz",
      "integrity": "sha512-aDoaIuoOZhIBQLIdwvv092rsbwsmv5MEQkdsZscJInGZLOnQML5wxpn+7Z+29hLX0RG0bC8/jdwmdLfVfDmzTw==",
      "requires": {
        "@aws-cdk/aws-iam": "1.194.0",
        "@aws-cdk/aws-lambda": "1.194.0",
        "@aws-cdk/aws-s3": "1.194.0",
        "@aws-cdk/aws-sns": "1.194.0",
        "@aws-cdk/core": "1.194.0",
        "@aws-cdk/cx-api": "1.194.0",
        "constructs": "^3.3.69"
      }
    },
    "@aws-cdk/aws-cloudfront": {
      "version": "1.194.0",
      "resolved": "https://registry.npmjs.org/@aws-cdk/aws-cloudfront/-/aws-cloudfront-1.194.0.tgz",
      "integrity": "sha512-tZoMZmyXxaXeOo6QPhTQyXQ4tx7GU+LKQZNIynmgecS1oJHi2OgQLcx2rcQ28kbuGadKJtZqfbIXuCyrEMFS0Q==",
      "requires": {
        "@aws-cdk/aws-certificatemanager": "1.194.0",
        "@aws-cdk/aws-cloudwatch": "1.194.0",
        "@aws-cdk/aws-ec2": "1.194.0",
        "@aws-cdk/aws-iam": "1.194.0",
        "@aws-cdk/aws-kms": "1.194.0",
        "@aws-cdk/aws-lambda": "1.194.0",
        "@aws-cdk/aws-s3": "1.194.0",
        "@aws-cdk/aws-ssm": "1.194.0",
        "@aws-cdk/core": "1.194.0",
        "@aws-cdk/cx-api": "1.194.0",
        "constructs": "^3.3.69"
      }
    },
    "@aws-cdk/aws-cloudwatch": {
      "version": "1.194.0",
      "resolved": "https://registry.npmjs.org/@aws-cdk/aws-cloudwatch/-/aws-cloudwatch-1.194.0.tgz",
      "integrity": "sha512-r9/X3xMNQbkaGwj+BA51Ol8ooPekJ5TTptEjCGo3P3TOZfZuSfudnCxKGeHLRsZY1cn8VZf9wYYPGkifL6+DMw==",
      "requires": {
        "@aws-cdk/aws-iam": "1.194.0",
        "@aws-cdk/core": "1.194.0",
        "constructs": "^3.3.69"
      }
    },
    "@aws-cdk/aws-codebuild": {
      "version": "1.194.0",
      "resolved": "https://registry.npmjs.org/@aws-cdk/aws-codebuild/-/aws-codebuild-1.194.0.tgz",
      "integrity": "sha512-TaXlATv9ioEtPK9yMwECXNRprdZ86IfRwmj3r6gwzeRhI+B0cKL7pNre1JFzK+ehr0+jQqV+YWvsk0/bV/7Tuw==",
      "requires": {
        "@aws-cdk/assets": "1.194.0",
        "@aws-cdk/aws-cloudwatch": "1.194.0",
        "@aws-cdk/aws-codecommit": "1.194.0",
        "@aws-cdk/aws-codestarnotifications": "1.194.0",
        "@aws-cdk/aws-ec2": "1.194.0",
        "@aws-cdk/aws-ecr": "1.194.0",
        "@aws-cdk/aws-ecr-assets": "1.194.0",
        "@aws-cdk/aws-events": "1.194.0",
        "@aws-cdk/aws-iam": "1.194.0",
        "@aws-cdk/aws-kms": "1.194.0",
        "@aws-cdk/aws-logs": "1.194.0",
        "@aws-cdk/aws-s3": "1.194.0",
        "@aws-cdk/aws-s3-assets": "1.194.0",
        "@aws-cdk/aws-secretsmanager": "1.194.0",
        "@aws-cdk/core": "1.194.0",
        "@aws-cdk/region-info": "1.194.0",
        "constructs": "^3.3.69",
        "yaml": "1.10.2"
      },
      "dependencies": {
        "yaml": {
          "version": "1.10.2",
          "bundled": true
        }
      }
    },
    "@aws-cdk/aws-codecommit": {
      "version": "1.194.0",
      "resolved": "https://registry.npmjs.org/@aws-cdk/aws-codecommit/-/aws-codecommit-1.194.0.tgz",
      "integrity": "sha512-tQnY9Gm8PVWFVY5YPjjx5ibZWY9zzFyp7FaqBhcbSv4cLn68VyOiKtqk4vM2v0jkSB4DYfjhWiq+c0gGNB19xg==",
      "requires": {
        "@aws-cdk/aws-codestarnotifications": "1.194.0",
        "@aws-cdk/aws-events": "1.194.0",
        "@aws-cdk/aws-iam": "1.194.0",
        "@aws-cdk/aws-s3-assets": "1.194.0",
        "@aws-cdk/core": "1.194.0",
        "constructs": "^3.3.69"
      }
    },
    "@aws-cdk/aws-codedeploy": {
      "version": "1.194.0",
      "resolved": "https://registry.npmjs.org/@aws-cdk/aws-codedeploy/-/aws-codedeploy-1.194.0.tgz",
      "integrity": "sha512-/aHP6NextX9HQB8KvzdqolrbMKCfC/nwoGFSZnOjgYvKxTRdvqShWJXsatp0lDWWWEJyaT1t3fiVGVH+FscC4w==",
      "requires": {
        "@aws-cdk/aws-autoscaling": "1.194.0",
        "@aws-cdk/aws-cloudwatch": "1.194.0",
        "@aws-cdk/aws-ec2": "1.194.0",
        "@aws-cdk/aws-elasticloadbalancing": "1.194.0",
        "@aws-cdk/aws-elasticloadbalancingv2": "1.194.0",
        "@aws-cdk/aws-iam": "1.194.0",
        "@aws-cdk/aws-lambda": "1.194.0",
        "@aws-cdk/aws-s3": "1.194.0",
        "@aws-cdk/core": "1.194.0",
        "@aws-cdk/custom-resources": "1.194.0",
        "constructs": "^3.3.69"
      }
    },
    "@aws-cdk/aws-codeguruprofiler": {
      "version": "1.194.0",
      "resolved": "https://registry.npmjs.org/@aws-cdk/aws-codeguruprofiler/-/aws-codeguruprofiler-1.194.0.tgz",
      "integrity": "sha512-JbJghZBJz3C57zVC+T+kW1t+22m0OvGzPzPHmT41p1E5nP+q7ajky27S2CkNZ450qF4PAZnCnx0nQIEQaIPF2g==",
      "requires": {
        "@aws-cdk/aws-iam": "1.194.0",
        "@aws-cdk/core": "1.194.0",
        "constructs": "^3.3.69"
      }
    },
    "@aws-cdk/aws-codepipeline": {
      "version": "1.194.0",
      "resolved": "https://registry.npmjs.org/@aws-cdk/aws-codepipeline/-/aws-codepipeline-1.194.0.tgz",
      "integrity": "sha512-KCBN4Ip4R8Teo8YC7O2kvea+W2Mz47DpR41IVT2JcZ2Gy1jgnQBNtP8bZj1FRDljxnXOyzGP/c8zbes3z6jKXg==",
      "requires": {
        "@aws-cdk/aws-codestarnotifications": "1.194.0",
        "@aws-cdk/aws-events": "1.194.0",
        "@aws-cdk/aws-iam": "1.194.0",
        "@aws-cdk/aws-kms": "1.194.0",
        "@aws-cdk/aws-s3": "1.194.0",
        "@aws-cdk/core": "1.194.0",
        "constructs": "^3.3.69"
      }
    },
    "@aws-cdk/aws-codepipeline-actions": {
      "version": "1.194.0",
      "resolved": "https://registry.npmjs.org/@aws-cdk/aws-codepipeline-actions/-/aws-codepipeline-actions-1.194.0.tgz",
      "integrity": "sha512-bEPx/NPCqpsjHDtl1OtjSou+EnGhUW1rlq4OkaMohsfz0uo3vM/tvtBtY4wBdTdl9UH9Uf7IXEBTF1ELyPARlA==",
      "requires": {
        "@aws-cdk/aws-cloudformation": "1.194.0",
        "@aws-cdk/aws-codebuild": "1.194.0",
        "@aws-cdk/aws-codecommit": "1.194.0",
        "@aws-cdk/aws-codedeploy": "1.194.0",
        "@aws-cdk/aws-codepipeline": "1.194.0",
        "@aws-cdk/aws-ec2": "1.194.0",
        "@aws-cdk/aws-ecr": "1.194.0",
        "@aws-cdk/aws-ecs": "1.194.0",
        "@aws-cdk/aws-events": "1.194.0",
        "@aws-cdk/aws-events-targets": "1.194.0",
        "@aws-cdk/aws-iam": "1.194.0",
        "@aws-cdk/aws-kms": "1.194.0",
        "@aws-cdk/aws-lambda": "1.194.0",
        "@aws-cdk/aws-s3": "1.194.0",
        "@aws-cdk/aws-sns": "1.194.0",
        "@aws-cdk/aws-sns-subscriptions": "1.194.0",
        "@aws-cdk/aws-stepfunctions": "1.194.0",
        "@aws-cdk/core": "1.194.0",
        "case": "1.6.3",
        "constructs": "^3.3.69"
      },
      "dependencies": {
        "case": {
          "version": "1.6.3",
          "bundled": true
        }
      }
    },
    "@aws-cdk/aws-codestarnotifications": {
      "version": "1.194.0",
      "resolved": "https://registry.npmjs.org/@aws-cdk/aws-codestarnotifications/-/aws-codestarnotifications-1.194.0.tgz",
      "integrity": "sha512-NSiAfH0PsKK5nK7mlrNDfYHE/qjUye/A+3YrJdAsTzEREvAs2l9KySpnQO/GyDSpCXXeZivbG0/9Ih81eFFkuQ==",
      "requires": {
        "@aws-cdk/core": "1.194.0",
        "constructs": "^3.3.69"
      }
    },
    "@aws-cdk/aws-cognito": {
      "version": "1.194.0",
      "resolved": "https://registry.npmjs.org/@aws-cdk/aws-cognito/-/aws-cognito-1.194.0.tgz",
      "integrity": "sha512-dmGAAt+zfHCPBB/yCX2ZPffIULyItew0tNsa2Hi+pKg0MgUg3R9u78JLmmOKHyND5ZyBWMfJcjN7vqLeyIvhcQ==",
      "requires": {
        "@aws-cdk/aws-certificatemanager": "1.194.0",
        "@aws-cdk/aws-iam": "1.194.0",
        "@aws-cdk/aws-kms": "1.194.0",
        "@aws-cdk/aws-lambda": "1.194.0",
        "@aws-cdk/core": "1.194.0",
        "@aws-cdk/custom-resources": "1.194.0",
        "constructs": "^3.3.69",
        "punycode": "^2.3.0"
      },
      "dependencies": {
        "punycode": {
          "version": "2.3.0",
          "bundled": true
        }
      }
    },
    "@aws-cdk/aws-ec2": {
      "version": "1.194.0",
      "resolved": "https://registry.npmjs.org/@aws-cdk/aws-ec2/-/aws-ec2-1.194.0.tgz",
      "integrity": "sha512-2ZPwvatzXsdEEL5uHy3++9X3dtFfaBm7TsXFwNecp8SR0AFsQGa0wOEc1WP2Tb1cg9hVLCDN7JgoJ0dcKDoMWQ==",
      "requires": {
        "@aws-cdk/aws-cloudwatch": "1.194.0",
        "@aws-cdk/aws-iam": "1.194.0",
        "@aws-cdk/aws-kms": "1.194.0",
        "@aws-cdk/aws-logs": "1.194.0",
        "@aws-cdk/aws-s3": "1.194.0",
        "@aws-cdk/aws-s3-assets": "1.194.0",
        "@aws-cdk/aws-ssm": "1.194.0",
        "@aws-cdk/cloud-assembly-schema": "1.194.0",
        "@aws-cdk/core": "1.194.0",
        "@aws-cdk/cx-api": "1.194.0",
        "@aws-cdk/region-info": "1.194.0",
        "constructs": "^3.3.69"
      }
    },
    "@aws-cdk/aws-ecr": {
      "version": "1.194.0",
      "resolved": "https://registry.npmjs.org/@aws-cdk/aws-ecr/-/aws-ecr-1.194.0.tgz",
      "integrity": "sha512-eVi2kJ0DVcUyxkW08gUvaBFTwwt3mgE9R7zF6ZZM3GVm7lVZvO3Hk7rgVDH4nuvVn3k0LqNW7MGQoGG9tQIHvw==",
      "requires": {
        "@aws-cdk/aws-events": "1.194.0",
        "@aws-cdk/aws-iam": "1.194.0",
        "@aws-cdk/aws-kms": "1.194.0",
        "@aws-cdk/core": "1.194.0",
        "constructs": "^3.3.69"
      }
    },
    "@aws-cdk/aws-ecr-assets": {
      "version": "1.194.0",
      "resolved": "https://registry.npmjs.org/@aws-cdk/aws-ecr-assets/-/aws-ecr-assets-1.194.0.tgz",
      "integrity": "sha512-E4npptpmIy6RwxoPbduJfc59IaDuyHSGMknfnSgsU+1GYOaSUbICnr/oRlRKxk74e/Xiv9yrwhzedWEWhsNU4Q==",
      "requires": {
        "@aws-cdk/assets": "1.194.0",
        "@aws-cdk/aws-ecr": "1.194.0",
        "@aws-cdk/aws-iam": "1.194.0",
        "@aws-cdk/aws-s3": "1.194.0",
        "@aws-cdk/core": "1.194.0",
        "@aws-cdk/cx-api": "1.194.0",
        "constructs": "^3.3.69"
      }
    },
    "@aws-cdk/aws-ecs": {
      "version": "1.194.0",
      "resolved": "https://registry.npmjs.org/@aws-cdk/aws-ecs/-/aws-ecs-1.194.0.tgz",
      "integrity": "sha512-ov5VuPaCVuSJ27crZunrTwLD+Ig0Fqav1kH2Uwnaa+jpuIznh2UH1fEf2Ydvry/ZeknDRJx4dt7qEvJfs7wqLw==",
      "requires": {
        "@aws-cdk/aws-applicationautoscaling": "1.194.0",
        "@aws-cdk/aws-autoscaling": "1.194.0",
        "@aws-cdk/aws-autoscaling-hooktargets": "1.194.0",
        "@aws-cdk/aws-certificatemanager": "1.194.0",
        "@aws-cdk/aws-cloudwatch": "1.194.0",
        "@aws-cdk/aws-ec2": "1.194.0",
        "@aws-cdk/aws-ecr": "1.194.0",
        "@aws-cdk/aws-ecr-assets": "1.194.0",
        "@aws-cdk/aws-elasticloadbalancing": "1.194.0",
        "@aws-cdk/aws-elasticloadbalancingv2": "1.194.0",
        "@aws-cdk/aws-iam": "1.194.0",
        "@aws-cdk/aws-kms": "1.194.0",
        "@aws-cdk/aws-lambda": "1.194.0",
        "@aws-cdk/aws-logs": "1.194.0",
        "@aws-cdk/aws-route53": "1.194.0",
        "@aws-cdk/aws-route53-targets": "1.194.0",
        "@aws-cdk/aws-s3": "1.194.0",
        "@aws-cdk/aws-s3-assets": "1.194.0",
        "@aws-cdk/aws-secretsmanager": "1.194.0",
        "@aws-cdk/aws-servicediscovery": "1.194.0",
        "@aws-cdk/aws-sns": "1.194.0",
        "@aws-cdk/aws-sqs": "1.194.0",
        "@aws-cdk/aws-ssm": "1.194.0",
        "@aws-cdk/core": "1.194.0",
        "@aws-cdk/cx-api": "1.194.0",
        "constructs": "^3.3.69"
      }
    },
    "@aws-cdk/aws-efs": {
      "version": "1.194.0",
      "resolved": "https://registry.npmjs.org/@aws-cdk/aws-efs/-/aws-efs-1.194.0.tgz",
      "integrity": "sha512-3OumQGeLbagzgLci5ktK7T+CLlqEVzWyhR6oJPR+7mErWIKxXeHbnEQhrtL4SccYlYVcWNlDjqv02BQ7mG1Lrg==",
      "requires": {
        "@aws-cdk/aws-ec2": "1.194.0",
        "@aws-cdk/aws-iam": "1.194.0",
        "@aws-cdk/aws-kms": "1.194.0",
        "@aws-cdk/cloud-assembly-schema": "1.194.0",
        "@aws-cdk/core": "1.194.0",
        "@aws-cdk/cx-api": "1.194.0",
        "constructs": "^3.3.69"
      }
    },
    "@aws-cdk/aws-elasticloadbalancing": {
      "version": "1.194.0",
      "resolved": "https://registry.npmjs.org/@aws-cdk/aws-elasticloadbalancing/-/aws-elasticloadbalancing-1.194.0.tgz",
      "integrity": "sha512-hB3hgfwwS+NcD9n7gWkHF37NHjLY+uvIfwCAd4icURU75uTO1c8utxzpDO8sFSTdMc2Z3mt4t+4mbEoj3pu4wQ==",
      "requires": {
        "@aws-cdk/aws-ec2": "1.194.0",
        "@aws-cdk/core": "1.194.0",
        "constructs": "^3.3.69"
      }
    },
    "@aws-cdk/aws-elasticloadbalancingv2": {
      "version": "1.194.0",
      "resolved": "https://registry.npmjs.org/@aws-cdk/aws-elasticloadbalancingv2/-/aws-elasticloadbalancingv2-1.194.0.tgz",
      "integrity": "sha512-VYc7gbgLX56BlUoPl78pl9Q8PfOi/Unf9g4TQ+FRb76/2MmSiae8p/5R/yKHYqOuZ5YduU1WQ2KtGLVp+C8h4Q==",
      "requires": {
        "@aws-cdk/aws-certificatemanager": "1.194.0",
        "@aws-cdk/aws-cloudwatch": "1.194.0",
        "@aws-cdk/aws-ec2": "1.194.0",
        "@aws-cdk/aws-iam": "1.194.0",
        "@aws-cdk/aws-lambda": "1.194.0",
        "@aws-cdk/aws-route53": "1.194.0",
        "@aws-cdk/aws-s3": "1.194.0",
        "@aws-cdk/cloud-assembly-schema": "1.194.0",
        "@aws-cdk/core": "1.194.0",
        "@aws-cdk/cx-api": "1.194.0",
        "@aws-cdk/region-info": "1.194.0",
        "constructs": "^3.3.69"
      }
    },
    "@aws-cdk/aws-events": {
      "version": "1.194.0",
      "resolved": "https://registry.npmjs.org/@aws-cdk/aws-events/-/aws-events-1.194.0.tgz",
      "integrity": "sha512-Sm7pQTKGw6cak2vppH/LhKsQks2D10VdwzN3Z0VLbUCtp3Bw1Yb/RgqxgVRfdV4oL65MC0LY4XqLXanf3PnBUQ==",
      "requires": {
        "@aws-cdk/aws-iam": "1.194.0",
        "@aws-cdk/core": "1.194.0",
        "constructs": "^3.3.69"
      }
    },
    "@aws-cdk/aws-events-targets": {
      "version": "1.194.0",
      "resolved": "https://registry.npmjs.org/@aws-cdk/aws-events-targets/-/aws-events-targets-1.194.0.tgz",
      "integrity": "sha512-etu19+6WDE2nvvB3GEz/3pxtNxW4WCy0SBrSVh5wwE3aCAkDTyyFDRDE3QiKFNsBNK8QIp1Wak8tR6jirLrn1A==",
      "requires": {
        "@aws-cdk/aws-apigateway": "1.194.0",
        "@aws-cdk/aws-autoscaling": "1.194.0",
        "@aws-cdk/aws-codebuild": "1.194.0",
        "@aws-cdk/aws-codepipeline": "1.194.0",
        "@aws-cdk/aws-ec2": "1.194.0",
        "@aws-cdk/aws-ecs": "1.194.0",
        "@aws-cdk/aws-events": "1.194.0",
        "@aws-cdk/aws-iam": "1.194.0",
        "@aws-cdk/aws-kinesis": "1.194.0",
        "@aws-cdk/aws-kinesisfirehose": "1.194.0",
        "@aws-cdk/aws-kms": "1.194.0",
        "@aws-cdk/aws-lambda": "1.194.0",
        "@aws-cdk/aws-logs": "1.194.0",
        "@aws-cdk/aws-sns": "1.194.0",
        "@aws-cdk/aws-sns-subscriptions": "1.194.0",
        "@aws-cdk/aws-sqs": "1.194.0",
        "@aws-cdk/aws-stepfunctions": "1.194.0",
        "@aws-cdk/core": "1.194.0",
        "@aws-cdk/custom-resources": "1.194.0",
        "constructs": "^3.3.69"
      }
    },
    "@aws-cdk/aws-globalaccelerator": {
      "version": "1.194.0",
      "resolved": "https://registry.npmjs.org/@aws-cdk/aws-globalaccelerator/-/aws-globalaccelerator-1.194.0.tgz",
      "integrity": "sha512-xDOUW4FKK4PFAFY0Mfnn1bAK8+lTcASLWpvQscxQDOrFaWIuxYgmXftvsbxFCTP2U/EQO6T0bxB0hhoDsbPFPQ==",
      "requires": {
        "@aws-cdk/aws-ec2": "1.194.0",
        "@aws-cdk/core": "1.194.0",
        "@aws-cdk/custom-resources": "1.194.0",
        "constructs": "^3.3.69"
      }
    },
    "@aws-cdk/aws-iam": {
      "version": "1.194.0",
      "resolved": "https://registry.npmjs.org/@aws-cdk/aws-iam/-/aws-iam-1.194.0.tgz",
      "integrity": "sha512-A+L2BjvSSksWeWzX4cO3FRvwK4lMQkPxWxnkssWI7wr6caoDKW4OW3Crzag8iXhuapmwGtccgJDpflsp89a99A==",
      "requires": {
        "@aws-cdk/core": "1.194.0",
        "@aws-cdk/cx-api": "1.194.0",
        "@aws-cdk/region-info": "1.194.0",
        "constructs": "^3.3.69"
      }
    },
    "@aws-cdk/aws-kinesis": {
      "version": "1.194.0",
      "resolved": "https://registry.npmjs.org/@aws-cdk/aws-kinesis/-/aws-kinesis-1.194.0.tgz",
      "integrity": "sha512-XPbTi0YppbpbY9b25EbtLBGAbPfsJ/if/wS8ZuXH2DxRnGZ07kOqQ/JPieHOOQ5Lg7RsZbi8fW0syHDLwq+RXA==",
      "requires": {
        "@aws-cdk/aws-cloudwatch": "1.194.0",
        "@aws-cdk/aws-iam": "1.194.0",
        "@aws-cdk/aws-kms": "1.194.0",
        "@aws-cdk/aws-logs": "1.194.0",
        "@aws-cdk/core": "1.194.0",
        "constructs": "^3.3.69"
      }
    },
    "@aws-cdk/aws-kinesisfirehose": {
      "version": "1.194.0",
      "resolved": "https://registry.npmjs.org/@aws-cdk/aws-kinesisfirehose/-/aws-kinesisfirehose-1.194.0.tgz",
      "integrity": "sha512-gc91zMbEq+ks+ycZ1OFUL7eyWYE2ITwtP/nlqd37NDuDDWtfhnOivNiMl9aRC8rS7Tm3ccwpkWqGMZqurYLh7A==",
      "requires": {
        "@aws-cdk/aws-cloudwatch": "1.194.0",
        "@aws-cdk/aws-ec2": "1.194.0",
        "@aws-cdk/aws-iam": "1.194.0",
        "@aws-cdk/aws-kinesis": "1.194.0",
        "@aws-cdk/aws-kms": "1.194.0",
        "@aws-cdk/aws-lambda": "1.194.0",
        "@aws-cdk/aws-logs": "1.194.0",
        "@aws-cdk/aws-s3": "1.194.0",
        "@aws-cdk/core": "1.194.0",
        "@aws-cdk/region-info": "1.194.0",
        "constructs": "^3.3.69"
      }
    },
    "@aws-cdk/aws-kms": {
      "version": "1.194.0",
      "resolved": "https://registry.npmjs.org/@aws-cdk/aws-kms/-/aws-kms-1.194.0.tgz",
      "integrity": "sha512-cy07dOTRd0D+CN9xXQfFNtN92DwPiu54St/3iIojm8meNcJxGLk4ALhE0eaeA7CNlJeDF8jzvp/K20JmfznarQ==",
      "requires": {
        "@aws-cdk/aws-iam": "1.194.0",
        "@aws-cdk/cloud-assembly-schema": "1.194.0",
        "@aws-cdk/core": "1.194.0",
        "@aws-cdk/cx-api": "1.194.0",
        "constructs": "^3.3.69"
      }
    },
    "@aws-cdk/aws-lambda": {
      "version": "1.194.0",
      "resolved": "https://registry.npmjs.org/@aws-cdk/aws-lambda/-/aws-lambda-1.194.0.tgz",
      "integrity": "sha512-KfVYInYvyRJTr6tnfmueDtun9eqvXIv6cWtmvQfUw+CQ7mT8GkODVNPXjjyTRYqPs+N5WgQ/TfFRIythp/1vWA==",
      "requires": {
        "@aws-cdk/aws-applicationautoscaling": "1.194.0",
        "@aws-cdk/aws-cloudwatch": "1.194.0",
        "@aws-cdk/aws-codeguruprofiler": "1.194.0",
        "@aws-cdk/aws-ec2": "1.194.0",
        "@aws-cdk/aws-ecr": "1.194.0",
        "@aws-cdk/aws-ecr-assets": "1.194.0",
        "@aws-cdk/aws-efs": "1.194.0",
        "@aws-cdk/aws-events": "1.194.0",
        "@aws-cdk/aws-iam": "1.194.0",
        "@aws-cdk/aws-kms": "1.194.0",
        "@aws-cdk/aws-logs": "1.194.0",
        "@aws-cdk/aws-s3": "1.194.0",
        "@aws-cdk/aws-s3-assets": "1.194.0",
        "@aws-cdk/aws-signer": "1.194.0",
        "@aws-cdk/aws-sns": "1.194.0",
        "@aws-cdk/aws-sqs": "1.194.0",
        "@aws-cdk/core": "1.194.0",
        "@aws-cdk/cx-api": "1.194.0",
        "@aws-cdk/region-info": "1.194.0",
        "constructs": "^3.3.69"
      }
    },
    "@aws-cdk/aws-logs": {
      "version": "1.194.0",
      "resolved": "https://registry.npmjs.org/@aws-cdk/aws-logs/-/aws-logs-1.194.0.tgz",
      "integrity": "sha512-xXYfx4VDNHy28Kw2wPn2pKe26R7ED38rFyPznb9caruEOrKU125ua6wwFO+RKQ+aYnue921nGAWAUCIikZiM7Q==",
      "requires": {
        "@aws-cdk/aws-cloudwatch": "1.194.0",
        "@aws-cdk/aws-iam": "1.194.0",
        "@aws-cdk/aws-kms": "1.194.0",
        "@aws-cdk/aws-s3-assets": "1.194.0",
        "@aws-cdk/core": "1.194.0",
        "@aws-cdk/cx-api": "1.194.0",
        "constructs": "^3.3.69"
      }
    },
    "@aws-cdk/aws-route53": {
      "version": "1.194.0",
      "resolved": "https://registry.npmjs.org/@aws-cdk/aws-route53/-/aws-route53-1.194.0.tgz",
      "integrity": "sha512-BAxcoO3amD5hXtF3aXJoCXhEBjs0Hrw+ohZgsYH3L1PlCQS9iNkvT0i33tG7BTkMEuVQ3X4Axs9nq4s4A3/3qA==",
      "requires": {
        "@aws-cdk/aws-ec2": "1.194.0",
        "@aws-cdk/aws-iam": "1.194.0",
        "@aws-cdk/aws-logs": "1.194.0",
        "@aws-cdk/cloud-assembly-schema": "1.194.0",
        "@aws-cdk/core": "1.194.0",
        "@aws-cdk/custom-resources": "1.194.0",
        "constructs": "^3.3.69"
      }
    },
    "@aws-cdk/aws-route53-targets": {
      "version": "1.194.0",
      "resolved": "https://registry.npmjs.org/@aws-cdk/aws-route53-targets/-/aws-route53-targets-1.194.0.tgz",
      "integrity": "sha512-hOfauTy6lJgvsLMQP6807Qubu8OVhpc5+zIHFirxLi34k7icVktQhle0GKb7WbKrexCIr9jpRxoUn5Zw8dX9yg==",
      "requires": {
        "@aws-cdk/aws-apigateway": "1.194.0",
        "@aws-cdk/aws-cloudfront": "1.194.0",
        "@aws-cdk/aws-cognito": "1.194.0",
        "@aws-cdk/aws-ec2": "1.194.0",
        "@aws-cdk/aws-elasticloadbalancing": "1.194.0",
        "@aws-cdk/aws-elasticloadbalancingv2": "1.194.0",
        "@aws-cdk/aws-globalaccelerator": "1.194.0",
        "@aws-cdk/aws-iam": "1.194.0",
        "@aws-cdk/aws-route53": "1.194.0",
        "@aws-cdk/aws-s3": "1.194.0",
        "@aws-cdk/core": "1.194.0",
        "@aws-cdk/region-info": "1.194.0",
        "constructs": "^3.3.69"
      }
    },
    "@aws-cdk/aws-s3": {
      "version": "1.194.0",
      "resolved": "https://registry.npmjs.org/@aws-cdk/aws-s3/-/aws-s3-1.194.0.tgz",
      "integrity": "sha512-Ld9O/lR+YGEM7cLKRbl844XF9WmncGMECh3DpEhq7CpG+Lp2O3wTYdHcDWKfi7dJ6/Z7G4dlAh9Me6crELNTiA==",
      "requires": {
        "@aws-cdk/aws-events": "1.194.0",
        "@aws-cdk/aws-iam": "1.194.0",
        "@aws-cdk/aws-kms": "1.194.0",
        "@aws-cdk/core": "1.194.0",
        "@aws-cdk/cx-api": "1.194.0",
        "constructs": "^3.3.69"
      }
    },
    "@aws-cdk/aws-s3-assets": {
      "version": "1.194.0",
      "resolved": "https://registry.npmjs.org/@aws-cdk/aws-s3-assets/-/aws-s3-assets-1.194.0.tgz",
      "integrity": "sha512-4xzqdsldW85a2l8R4W7R6KKSIp/h0GDKRLollBXCYgav3bT9X3mygtEuq5YgdSUc0S/nKmv7mEIObc/DeHy0BA==",
      "requires": {
        "@aws-cdk/assets": "1.194.0",
        "@aws-cdk/aws-iam": "1.194.0",
        "@aws-cdk/aws-kms": "1.194.0",
        "@aws-cdk/aws-s3": "1.194.0",
        "@aws-cdk/core": "1.194.0",
        "@aws-cdk/cx-api": "1.194.0",
        "constructs": "^3.3.69"
      }
    },
    "@aws-cdk/aws-sam": {
      "version": "1.194.0",
      "resolved": "https://registry.npmjs.org/@aws-cdk/aws-sam/-/aws-sam-1.194.0.tgz",
      "integrity": "sha512-7njbmfuYGEdpevU9pc29uh1E2I1OjwRwPkD7ODJ/aacdTNe41oq3vTlEMvamjuScKHMIMyUFOD4dTr909S4DxQ==",
      "requires": {
        "@aws-cdk/core": "1.194.0",
        "constructs": "^3.3.69"
      }
    },
    "@aws-cdk/aws-secretsmanager": {
      "version": "1.194.0",
      "resolved": "https://registry.npmjs.org/@aws-cdk/aws-secretsmanager/-/aws-secretsmanager-1.194.0.tgz",
      "integrity": "sha512-cG/weh6/1twUrq19ndhvHOegRmvvJrs9vDI2cauig/v+E1B7OQ0fwtUl5J8hNWonwJwZoz2EcFLAgx3cH6MAVw==",
      "requires": {
        "@aws-cdk/aws-ec2": "1.194.0",
        "@aws-cdk/aws-iam": "1.194.0",
        "@aws-cdk/aws-kms": "1.194.0",
        "@aws-cdk/aws-lambda": "1.194.0",
        "@aws-cdk/aws-sam": "1.194.0",
        "@aws-cdk/core": "1.194.0",
        "@aws-cdk/cx-api": "1.194.0",
        "constructs": "^3.3.69"
      }
    },
    "@aws-cdk/aws-servicediscovery": {
      "version": "1.194.0",
      "resolved": "https://registry.npmjs.org/@aws-cdk/aws-servicediscovery/-/aws-servicediscovery-1.194.0.tgz",
      "integrity": "sha512-UgYGsvlEbZIzzsLoU+6XEbXTHPo6TEZZG+LD32envLw3YV4dJ1uaxjyb+ye9cAb0YQIhlqiiIgyEw/Gvmg14HQ==",
      "requires": {
        "@aws-cdk/aws-ec2": "1.194.0",
        "@aws-cdk/aws-elasticloadbalancingv2": "1.194.0",
        "@aws-cdk/aws-route53": "1.194.0",
        "@aws-cdk/core": "1.194.0",
        "constructs": "^3.3.69"
      }
    },
    "@aws-cdk/aws-signer": {
      "version": "1.194.0",
      "resolved": "https://registry.npmjs.org/@aws-cdk/aws-signer/-/aws-signer-1.194.0.tgz",
      "integrity": "sha512-ErX+o30qz5bLsVGA2jvKG5gi29ctuoTppYEe/CrIcAc0X+k0MLm2pu7OlsoRHNA4QrJJq9q5QGw7xFkvn4/ODQ==",
      "requires": {
        "@aws-cdk/core": "1.194.0",
        "constructs": "^3.3.69"
      }
    },
    "@aws-cdk/aws-sns": {
      "version": "1.194.0",
      "resolved": "https://registry.npmjs.org/@aws-cdk/aws-sns/-/aws-sns-1.194.0.tgz",
      "integrity": "sha512-LFZVB53lbe/cm6cUnUuWQOpELqJQaKr+ARJghEJ12noBnouDN8doRphWyzpvNa18w4jOwX0DRUdCyB8cn+3s+A==",
      "requires": {
        "@aws-cdk/aws-cloudwatch": "1.194.0",
        "@aws-cdk/aws-codestarnotifications": "1.194.0",
        "@aws-cdk/aws-events": "1.194.0",
        "@aws-cdk/aws-iam": "1.194.0",
        "@aws-cdk/aws-kms": "1.194.0",
        "@aws-cdk/aws-sqs": "1.194.0",
        "@aws-cdk/core": "1.194.0",
        "constructs": "^3.3.69"
      }
    },
    "@aws-cdk/aws-sns-subscriptions": {
      "version": "1.194.0",
      "resolved": "https://registry.npmjs.org/@aws-cdk/aws-sns-subscriptions/-/aws-sns-subscriptions-1.194.0.tgz",
      "integrity": "sha512-H81d913JsmnrvwFrq8Q/PS6xxec9ZKI6Ry7Jn4d7AaNLl7EJJtv48r+UHIWYNUzGzrI+ISk4Y87hrSAlI3NKaA==",
      "requires": {
        "@aws-cdk/aws-iam": "1.194.0",
        "@aws-cdk/aws-kms": "1.194.0",
        "@aws-cdk/aws-lambda": "1.194.0",
        "@aws-cdk/aws-sns": "1.194.0",
        "@aws-cdk/aws-sqs": "1.194.0",
        "@aws-cdk/core": "1.194.0",
        "constructs": "^3.3.69"
      }
    },
    "@aws-cdk/aws-sqs": {
      "version": "1.194.0",
      "resolved": "https://registry.npmjs.org/@aws-cdk/aws-sqs/-/aws-sqs-1.194.0.tgz",
      "integrity": "sha512-wpIGUIO8tlHeG4n6iuudqmtd6C7AOKfT4GcTVhrpjdZz6msQmqWWbiS4QEEbDEyjg95x+oZAJ8oNM6Cc4W4uPA==",
      "requires": {
        "@aws-cdk/aws-cloudwatch": "1.194.0",
        "@aws-cdk/aws-iam": "1.194.0",
        "@aws-cdk/aws-kms": "1.194.0",
        "@aws-cdk/core": "1.194.0",
        "constructs": "^3.3.69"
      }
    },
    "@aws-cdk/aws-ssm": {
      "version": "1.194.0",
      "resolved": "https://registry.npmjs.org/@aws-cdk/aws-ssm/-/aws-ssm-1.194.0.tgz",
      "integrity": "sha512-/8kJDYf1Ho1u6rFHJSwwF//BASCLkW6TITynMkUGx+wpAoe1vK9wOLgbi+3nBfHvAYf5wPAQqcm629LYPAqEiQ==",
      "requires": {
        "@aws-cdk/aws-iam": "1.194.0",
        "@aws-cdk/aws-kms": "1.194.0",
        "@aws-cdk/cloud-assembly-schema": "1.194.0",
        "@aws-cdk/core": "1.194.0",
        "constructs": "^3.3.69"
      }
    },
    "@aws-cdk/aws-stepfunctions": {
      "version": "1.194.0",
      "resolved": "https://registry.npmjs.org/@aws-cdk/aws-stepfunctions/-/aws-stepfunctions-1.194.0.tgz",
      "integrity": "sha512-RM6THMxwqsLi33efPYsuhAvdj51/tYhxgHhyzEzEa4XSPgdEJsAAnO+3JWoH+qTJuF9mPUBQgrbaTFaZoFRmOQ==",
      "requires": {
        "@aws-cdk/aws-cloudwatch": "1.194.0",
        "@aws-cdk/aws-events": "1.194.0",
        "@aws-cdk/aws-iam": "1.194.0",
        "@aws-cdk/aws-logs": "1.194.0",
        "@aws-cdk/aws-s3": "1.194.0",
        "@aws-cdk/core": "1.194.0",
        "constructs": "^3.3.69"
      }
    },
    "@aws-cdk/cfnspec": {
      "version": "1.194.0",
      "resolved": "https://registry.npmjs.org/@aws-cdk/cfnspec/-/cfnspec-1.194.0.tgz",
      "integrity": "sha512-2w8NPB5L63Gq81hzJlKsMl/CDavmzWjgF27vmuVGPtkFeE4SOKHAvp1emPe/nAS+IC9hXn2MP37td/GvaWfpYw==",
      "dev": true,
      "requires": {
        "fs-extra": "^9.1.0",
        "md5": "^2.3.0"
      }
    },
    "@aws-cdk/cloud-assembly-schema": {
      "version": "1.194.0",
      "resolved": "https://registry.npmjs.org/@aws-cdk/cloud-assembly-schema/-/cloud-assembly-schema-1.194.0.tgz",
      "integrity": "sha512-Z8xlzfMbDIAD3swlyyTkA7EQfcCDFohLDWRb0+2W5SqaQOZ8gyMbphjeUUGbXxVFpzcpOYJp76tfKsDRBCMKfQ==",
      "requires": {
        "jsonschema": "^1.4.1",
        "semver": "^7.3.8"
      },
      "dependencies": {
        "jsonschema": {
          "version": "1.4.1",
          "bundled": true
        },
        "lru-cache": {
          "version": "6.0.0",
          "bundled": true,
          "requires": {
            "yallist": "^4.0.0"
          }
        },
        "semver": {
          "version": "7.3.8",
          "bundled": true,
          "requires": {
            "lru-cache": "^6.0.0"
          }
        },
        "yallist": {
          "version": "4.0.0",
          "bundled": true
        }
      }
    },
    "@aws-cdk/cloudformation-diff": {
      "version": "1.194.0",
      "resolved": "https://registry.npmjs.org/@aws-cdk/cloudformation-diff/-/cloudformation-diff-1.194.0.tgz",
      "integrity": "sha512-ccUsJNjTA3TYvgeGX71HOHsOinqaJyQHqDvH6Ro9EOJhOCLCXxqigHJC/jFhkllOX0Vvaj52RQ3E6akXnD31GA==",
      "dev": true,
      "requires": {
        "@aws-cdk/cfnspec": "1.194.0",
        "@types/node": "^10.17.60",
        "chalk": "^4",
        "diff": "^5.1.0",
        "fast-deep-equal": "^3.1.3",
        "string-width": "^4.2.3",
        "table": "^6.8.1"
      }
    },
    "@aws-cdk/core": {
      "version": "1.194.0",
      "resolved": "https://registry.npmjs.org/@aws-cdk/core/-/core-1.194.0.tgz",
      "integrity": "sha512-wLg1Vqb+9cDDp/L6RBVlu32jYuJoscyU7nhj1tWVDtLUQhxkmtRZpUVMMQbdXWUwWQUmzVvdoaxa/IwX190++g==",
      "requires": {
        "@aws-cdk/cloud-assembly-schema": "1.194.0",
        "@aws-cdk/cx-api": "1.194.0",
        "@aws-cdk/region-info": "1.194.0",
        "@balena/dockerignore": "^1.0.2",
        "constructs": "^3.3.69",
        "fs-extra": "^9.1.0",
        "ignore": "^5.2.4",
        "minimatch": "^3.1.2"
      },
      "dependencies": {
        "@balena/dockerignore": {
          "version": "1.0.2",
          "bundled": true
        },
        "at-least-node": {
          "version": "1.0.0",
          "bundled": true
        },
        "balanced-match": {
          "version": "1.0.2",
          "bundled": true
        },
        "brace-expansion": {
          "version": "1.1.11",
          "bundled": true,
          "requires": {
            "balanced-match": "^1.0.0",
            "concat-map": "0.0.1"
          }
        },
        "concat-map": {
          "version": "0.0.1",
          "bundled": true
        },
        "fs-extra": {
          "version": "9.1.0",
          "bundled": true,
          "requires": {
            "at-least-node": "^1.0.0",
            "graceful-fs": "^4.2.0",
            "jsonfile": "^6.0.1",
            "universalify": "^2.0.0"
          }
        },
        "graceful-fs": {
          "version": "4.2.10",
          "bundled": true
        },
        "ignore": {
          "version": "5.2.4",
          "bundled": true
        },
        "jsonfile": {
          "version": "6.1.0",
          "bundled": true,
          "requires": {
            "graceful-fs": "^4.1.6",
            "universalify": "^2.0.0"
          }
        },
        "minimatch": {
          "version": "3.1.2",
          "bundled": true,
          "requires": {
            "brace-expansion": "^1.1.7"
          }
        },
        "universalify": {
          "version": "2.0.0",
          "bundled": true
        }
      }
    },
    "@aws-cdk/custom-resources": {
      "version": "1.194.0",
      "resolved": "https://registry.npmjs.org/@aws-cdk/custom-resources/-/custom-resources-1.194.0.tgz",
      "integrity": "sha512-y8USXGNa57jQwi7MY46RnuKourr56iIlfTsYgwdTEr5t4vAxfLztkdofyWzSWvKuS9yPuF44Da5pUgovXixifg==",
      "requires": {
        "@aws-cdk/aws-cloudformation": "1.194.0",
        "@aws-cdk/aws-ec2": "1.194.0",
        "@aws-cdk/aws-iam": "1.194.0",
        "@aws-cdk/aws-lambda": "1.194.0",
        "@aws-cdk/aws-logs": "1.194.0",
        "@aws-cdk/aws-sns": "1.194.0",
        "@aws-cdk/core": "1.194.0",
        "constructs": "^3.3.69"
      }
    },
    "@aws-cdk/cx-api": {
      "version": "1.194.0",
      "resolved": "https://registry.npmjs.org/@aws-cdk/cx-api/-/cx-api-1.194.0.tgz",
      "integrity": "sha512-uosOAj3XO5G4aAaTQrYc5RRZQR51s5kxT1JIO/4MCSSeczDJWYlDnWS8ntJUwLbA9wp7u1L9WW6mAbdazVkBpg==",
      "requires": {
        "@aws-cdk/cloud-assembly-schema": "1.194.0",
        "semver": "^7.3.8"
      },
      "dependencies": {
        "lru-cache": {
          "version": "6.0.0",
          "bundled": true,
          "requires": {
            "yallist": "^4.0.0"
          }
        },
        "semver": {
          "version": "7.3.8",
          "bundled": true,
          "requires": {
            "lru-cache": "^6.0.0"
          }
        },
        "yallist": {
          "version": "4.0.0",
          "bundled": true
        }
      }
    },
    "@aws-cdk/region-info": {
      "version": "1.194.0",
      "resolved": "https://registry.npmjs.org/@aws-cdk/region-info/-/region-info-1.194.0.tgz",
      "integrity": "sha512-Zu16HZRKbmLKJuofcoHfRfG4Gwdo1CfQ33u7m/sfRyy/XpJzTMtYlFcotzZadr5sHWgRuWZnmMP+qkC2wSyptw=="
    },
    "@types/node": {
      "version": "10.17.60",
      "resolved": "https://registry.npmjs.org/@types/node/-/node-10.17.60.tgz",
      "integrity": "sha512-F0KIgDJfy2nA3zMLmWGKxcH2ZVEtCZXHHdOQs2gSaQ27+lNeEfGxzkIw90aXswATX7AZ33tahPbzy6KAfUreVw==",
      "dev": true
    },
    "ajv": {
      "version": "8.12.0",
      "resolved": "https://registry.npmjs.org/ajv/-/ajv-8.12.0.tgz",
      "integrity": "sha512-sRu1kpcO9yLtYxBKvqfTeh9KzZEwO3STyX1HT+4CaDzC6HpTGYhIhPIzj9XuKU7KYDwnaeh5hcOwjy1QuJzBPA==",
      "dev": true,
      "requires": {
        "fast-deep-equal": "^3.1.1",
        "json-schema-traverse": "^1.0.0",
        "require-from-string": "^2.0.2",
        "uri-js": "^4.2.2"
      }
    },
    "ansi-regex": {
      "version": "5.0.1",
      "resolved": "https://registry.npmjs.org/ansi-regex/-/ansi-regex-5.0.1.tgz",
      "integrity": "sha512-quJQXlTSUGL2LH9SUXo8VwsY4soanhgo6LNSm84E1LBcE8s3O0wpdiRzyR9z/ZZJMlMWv37qOOb9pdJlMUEKFQ==",
      "dev": true
    },
    "ansi-styles": {
      "version": "4.3.0",
      "resolved": "https://registry.npmjs.org/ansi-styles/-/ansi-styles-4.3.0.tgz",
      "integrity": "sha512-zbB9rCJAT1rbjiVDb2hqKFHNYLxgtk8NURxZ3IZwD3F6NtxbXZQCnnSi1Lkx+IDohdPlFp222wVALIheZJQSEg==",
      "dev": true,
      "requires": {
        "color-convert": "^2.0.1"
      }
    },
    "astral-regex": {
      "version": "2.0.0",
      "resolved": "https://registry.npmjs.org/astral-regex/-/astral-regex-2.0.0.tgz",
      "integrity": "sha512-Z7tMw1ytTXt5jqMcOP+OQteU1VuNK9Y02uuJtKQ1Sv69jXQKKg5cibLwGJow8yzZP+eAc18EmLGPal0bp36rvQ==",
      "dev": true
    },
    "at-least-node": {
      "version": "1.0.0",
      "resolved": "https://registry.npmjs.org/at-least-node/-/at-least-node-1.0.0.tgz",
      "integrity": "sha512-+q/t7Ekv1EDY2l6Gda6LLiX14rU9TV20Wa3ofeQmwPFZbOMo9DXrLbOjFaaclkXKWidIaopwAObQDqwWtGUjqg==",
      "dev": true
    },
    "cdk-build-tools": {
      "version": "file:../../../tools/cdk-build-tools",
      "dev": true
    },
    "cdk-integ-tools": {
      "version": "file:../../../tools/cdk-integ-tools",
      "dev": true
    },
    "chalk": {
      "version": "4.1.2",
      "resolved": "https://registry.npmjs.org/chalk/-/chalk-4.1.2.tgz",
      "integrity": "sha512-oKnbhFyRIXpUuez8iBMmyEa4nbj4IOQyuhc/wy9kY7/WVPcwIO9VA668Pu8RkO7+0G76SLROeyw9CpQ061i4mA==",
      "dev": true,
      "requires": {
        "ansi-styles": "^4.1.0",
        "supports-color": "^7.1.0"
      }
    },
    "charenc": {
      "version": "0.0.2",
      "resolved": "https://registry.npmjs.org/charenc/-/charenc-0.0.2.tgz",
      "integrity": "sha512-yrLQ/yVUFXkzg7EDQsPieE/53+0RlaWTs+wBrvW36cyilJ2SaDWfl4Yj7MtLTXleV9uEKefbAGUPv2/iWSooRA==",
      "dev": true
    },
    "color-convert": {
      "version": "2.0.1",
      "resolved": "https://registry.npmjs.org/color-convert/-/color-convert-2.0.1.tgz",
      "integrity": "sha512-RRECPsj7iu/xb5oKYcsFHSppFNnsj/52OVTRKb4zP5onXwVF3zVmmToNcOfGC+CRDpfK/U584fMg38ZHCaElKQ==",
      "dev": true,
      "requires": {
        "color-name": "~1.1.4"
      }
    },
    "color-name": {
      "version": "1.1.4",
      "resolved": "https://registry.npmjs.org/color-name/-/color-name-1.1.4.tgz",
      "integrity": "sha512-dOy+3AuW3a2wNbZHIuMZpTcgjGuLU/uBL/ubcZF9OXbDo8ff4O8yVp5Bf0efS8uEoYo5q4Fx7dY9OgQGXgAsQA==",
      "dev": true
    },
    "constructs": {
      "version": "3.4.259",
      "resolved": "https://registry.npmjs.org/constructs/-/constructs-3.4.259.tgz",
      "integrity": "sha512-LCyz1U2SOgP5gj2Tx+Qo46yfF1D3L3L02jcARvNFtR6B2giN3eioSQYejBfbj1mEtMbYX+bSbgOjNYeG6EkmFA=="
    },
    "crypt": {
      "version": "0.0.2",
      "resolved": "https://registry.npmjs.org/crypt/-/crypt-0.0.2.tgz",
      "integrity": "sha512-mCxBlsHFYh9C+HVpiEacem8FEBnMXgU9gy4zmNC+SXAZNB/1idgp/aulFJ4FgCi7GPEVbfyng092GqL2k2rmow==",
      "dev": true
    },
    "diff": {
      "version": "5.1.0",
      "resolved": "https://registry.npmjs.org/diff/-/diff-5.1.0.tgz",
      "integrity": "sha512-D+mk+qE8VC/PAUrlAU34N+VfXev0ghe5ywmpqrawphmVZc1bEfn56uo9qpyGp1p4xpzOHkSW4ztBd6L7Xx4ACw==",
      "dev": true
    },
    "emoji-regex": {
      "version": "8.0.0",
      "resolved": "https://registry.npmjs.org/emoji-regex/-/emoji-regex-8.0.0.tgz",
      "integrity": "sha512-MSjYzcWNOA0ewAHpz0MxpYFvwg6yjy1NG3xteoqz644VCo/RPgnr1/GGt+ic3iJTzQ8Eu3TdM14SawnVUmGE6A==",
      "dev": true
    },
    "fast-check": {
      "version": "1.17.0",
      "resolved": "https://registry.npmjs.org/fast-check/-/fast-check-1.17.0.tgz",
      "integrity": "sha512-+v+Ta6yOEhM9VjmlPSS5NHRoMe9E22nockrmNZIILUiH9TLSBefxVXeY+QW8YhanheRcgyIHCeVpQ0K48zQssg==",
      "dev": true,
      "requires": {
        "pure-rand": "^1.6.2",
        "tslib": "^1.9.3"
      }
    },
    "fast-deep-equal": {
      "version": "3.1.3",
      "resolved": "https://registry.npmjs.org/fast-deep-equal/-/fast-deep-equal-3.1.3.tgz",
      "integrity": "sha512-f3qQ9oQy9j2AhBe/H9VC91wLmKBCCU/gDOnKNAYG5hswO7BLKj09Hc5HYNz9cGI++xlpDCIgDaitVs03ATR84Q==",
      "dev": true
    },
    "fs-extra": {
      "version": "9.1.0",
      "resolved": "https://registry.npmjs.org/fs-extra/-/fs-extra-9.1.0.tgz",
      "integrity": "sha512-hcg3ZmepS30/7BSFqRvoo3DOMQu7IjqxO5nCDt+zM9XWjb33Wg7ziNT+Qvqbuc3+gWpzO02JubVyk2G4Zvo1OQ==",
      "dev": true,
      "requires": {
        "at-least-node": "^1.0.0",
        "graceful-fs": "^4.2.0",
        "jsonfile": "^6.0.1",
        "universalify": "^2.0.0"
      }
    },
    "graceful-fs": {
      "version": "4.2.10",
      "resolved": "https://registry.npmjs.org/graceful-fs/-/graceful-fs-4.2.10.tgz",
      "integrity": "sha512-9ByhssR2fPVsNZj478qUUbKfmL0+t5BDVyjShtyZZLiK7ZDAArFFfopyOTj0M05wE2tJPisA4iTnnXl2YoPvOA==",
      "dev": true
    },
    "has-flag": {
      "version": "4.0.0",
      "resolved": "https://registry.npmjs.org/has-flag/-/has-flag-4.0.0.tgz",
      "integrity": "sha512-EykJT/Q1KjTWctppgIAgfSO0tKVuZUjhgMr17kqTumMl6Afv3EISleU7qZUzoXDFTAHTDC4NOoG/ZxU3EvlMPQ==",
      "dev": true
    },
    "is-buffer": {
      "version": "1.1.6",
      "resolved": "https://registry.npmjs.org/is-buffer/-/is-buffer-1.1.6.tgz",
      "integrity": "sha512-NcdALwpXkTm5Zvvbk7owOUSvVvBKDgKP5/ewfXEznmQFfs4ZRmanOeKBTjRVjka3QFoN6XJ+9F3USqfHqTaU5w==",
      "dev": true
    },
    "is-fullwidth-code-point": {
      "version": "3.0.0",
      "resolved": "https://registry.npmjs.org/is-fullwidth-code-point/-/is-fullwidth-code-point-3.0.0.tgz",
      "integrity": "sha512-zymm5+u+sCsSWyD9qNaejV3DFvhCKclKdizYaJUuHA83RLjb7nSuGnddCHGv0hk+KY7BMAlsWeK4Ueg6EV6XQg==",
      "dev": true
    },
    "json-schema-traverse": {
      "version": "1.0.0",
      "resolved": "https://registry.npmjs.org/json-schema-traverse/-/json-schema-traverse-1.0.0.tgz",
      "integrity": "sha512-NM8/P9n3XjXhIZn1lLhkFaACTOURQXjWhV4BA/RnOv8xvgqtqpAX9IO4mRQxSx1Rlo4tqzeqb0sOlruaOy3dug==",
      "dev": true
    },
    "jsonfile": {
      "version": "6.1.0",
      "resolved": "https://registry.npmjs.org/jsonfile/-/jsonfile-6.1.0.tgz",
      "integrity": "sha512-5dgndWOriYSm5cnYaJNhalLNDKOqFwyDB/rr1E9ZsGciGvKPs8R2xYGCacuf3z6K1YKDz182fd+fY3cn3pMqXQ==",
      "dev": true,
      "requires": {
        "graceful-fs": "^4.1.6",
        "universalify": "^2.0.0"
      }
    },
    "lodash.truncate": {
      "version": "4.4.2",
      "resolved": "https://registry.npmjs.org/lodash.truncate/-/lodash.truncate-4.4.2.tgz",
      "integrity": "sha512-jttmRe7bRse52OsWIMDLaXxWqRAmtIUccAQ3garviCqJjafXOfNMO0yMfNpdD6zbGaTU0P5Nz7e7gAT6cKmJRw==",
      "dev": true
    },
    "md5": {
      "version": "2.3.0",
      "resolved": "https://registry.npmjs.org/md5/-/md5-2.3.0.tgz",
      "integrity": "sha512-T1GITYmFaKuO91vxyoQMFETst+O71VUPEU3ze5GNzDm0OWdP8v1ziTaAEPUr/3kLsY3Sftgz242A1SetQiDL7g==",
      "dev": true,
      "requires": {
        "charenc": "0.0.2",
        "crypt": "0.0.2",
        "is-buffer": "~1.1.6"
      }
    },
    "pkglint": {
      "version": "file:../../../tools/pkglint",
      "dev": true
    },
    "punycode": {
      "version": "2.3.0",
      "resolved": "https://registry.npmjs.org/punycode/-/punycode-2.3.0.tgz",
      "integrity": "sha512-rRV+zQD8tVFys26lAGR9WUuS4iUAngJScM+ZRSKtvl5tKeZ2t5bvdNFdNHBW9FWR4guGHlgmsZ1G7BSm2wTbuA==",
      "dev": true
    },
    "pure-rand": {
      "version": "1.6.2",
      "resolved": "https://registry.npmjs.org/pure-rand/-/pure-rand-1.6.2.tgz",
      "integrity": "sha512-HNwHOH63m7kCxe0kWEe5jSLwJiL2N83RUUN8POniFuZS+OsbFcMWlvXgxIU2nwKy2zYG2bQan40WBNK4biYPRg==",
      "dev": true
    },
    "require-from-string": {
      "version": "2.0.2",
      "resolved": "https://registry.npmjs.org/require-from-string/-/require-from-string-2.0.2.tgz",
      "integrity": "sha512-Xf0nWe6RseziFMu+Ap9biiUbmplq6S9/p+7w7YXP/JBHhrUDDUhwa+vANyubuqfZWTveU//DYVGsDG7RKL/vEw==",
      "dev": true
    },
    "slice-ansi": {
      "version": "4.0.0",
      "resolved": "https://registry.npmjs.org/slice-ansi/-/slice-ansi-4.0.0.tgz",
      "integrity": "sha512-qMCMfhY040cVHT43K9BFygqYbUPFZKHOg7K73mtTWJRb8pyP3fzf4Ixd5SzdEJQ6MRUg/WBnOLxghZtKKurENQ==",
      "dev": true,
      "requires": {
        "ansi-styles": "^4.0.0",
        "astral-regex": "^2.0.0",
        "is-fullwidth-code-point": "^3.0.0"
      }
    },
    "string-width": {
      "version": "4.2.3",
      "resolved": "https://registry.npmjs.org/string-width/-/string-width-4.2.3.tgz",
      "integrity": "sha512-wKyQRQpjJ0sIp62ErSZdGsjMJWsap5oRNihHhu6G7JVO/9jIB6UyevL+tXuOqrng8j/cxKTWyWUwvSTriiZz/g==",
      "dev": true,
      "requires": {
        "emoji-regex": "^8.0.0",
        "is-fullwidth-code-point": "^3.0.0",
        "strip-ansi": "^6.0.1"
      }
    },
    "strip-ansi": {
      "version": "6.0.1",
      "resolved": "https://registry.npmjs.org/strip-ansi/-/strip-ansi-6.0.1.tgz",
      "integrity": "sha512-Y38VPSHcqkFrCpFnQ9vuSXmquuv5oXOKpGeT6aGrr3o3Gc9AlVa6JBfUSOCnbxGGZF+/0ooI7KrPuUSztUdU5A==",
      "dev": true,
      "requires": {
        "ansi-regex": "^5.0.1"
      }
    },
    "supports-color": {
      "version": "7.2.0",
      "resolved": "https://registry.npmjs.org/supports-color/-/supports-color-7.2.0.tgz",
      "integrity": "sha512-qpCAvRl9stuOHveKsn7HncJRvv501qIacKzQlO/+Lwxc9+0q2wLyv4Dfvt80/DPn2pqOBsJdDiogXGR9+OvwRw==",
      "dev": true,
      "requires": {
        "has-flag": "^4.0.0"
      }
    },
    "table": {
      "version": "6.8.1",
      "resolved": "https://registry.npmjs.org/table/-/table-6.8.1.tgz",
      "integrity": "sha512-Y4X9zqrCftUhMeH2EptSSERdVKt/nEdijTOacGD/97EKjhQ/Qs8RTlEGABSJNNN8lac9kheH+af7yAkEWlgneA==",
      "dev": true,
      "requires": {
        "ajv": "^8.0.1",
        "lodash.truncate": "^4.4.2",
        "slice-ansi": "^4.0.0",
        "string-width": "^4.2.3",
        "strip-ansi": "^6.0.1"
      }
    },
    "tslib": {
      "version": "1.10.0",
      "resolved": "https://registry.npmjs.org/tslib/-/tslib-1.10.0.tgz",
      "integrity": "sha512-qOebF53frne81cf0S9B41ByenJ3/IuH8yJKngAX35CmiZySA0khhkovshKK+jGCaMnVomla7gVlIcc3EvKPbTQ==",
      "dev": true
    },
    "universalify": {
      "version": "2.0.0",
      "resolved": "https://registry.npmjs.org/universalify/-/universalify-2.0.0.tgz",
      "integrity": "sha512-hAZsKq7Yy11Zu1DE0OzWjw7nnLZmJZYTDZZyEFHZdUhV8FkH5MCfoU1XMaxXovpyW5nq5scPqq0ZDP9Zyl04oQ==",
      "dev": true
    },
    "uri-js": {
      "version": "4.4.1",
      "resolved": "https://registry.npmjs.org/uri-js/-/uri-js-4.4.1.tgz",
      "integrity": "sha512-7rKUyy33Q1yc98pQ1DAmLtwX109F7TIfWlW1Ydo8Wl1ii1SeHieeh0HHfPeL2fMXK6z0s8ecKs9frCuLJvndBg==",
      "dev": true,
      "requires": {
        "punycode": "^2.1.0"
      }
    }
  }
}
